PODS:
  - agora_rtc_engine (0.0.1):
    - AgoraIrisRTC_macOS (= 4.5.2-build.2)
    - AgoraRtcEngine_macOS (= 4.5.2)
    - FlutterMacOS
  - AgoraInfra_macOS (1.2.13.1)
  - AgoraIrisRTC_macOS (4.5.2-build.2)
  - AgoraRtcEngine_macOS (4.5.2):
    - AgoraRtcEngine_macOS/AIAEC (= 4.5.2)
    - AgoraRtcEngine_macOS/AIAECLL (= 4.5.2)
    - AgoraRtcEngine_macOS/AINS (= 4.5.2)
    - AgoraRtcEngine_macOS/AINSLL (= 4.5.2)
    - AgoraRtcEngine_macOS/AudioBeauty (= 4.5.2)
    - AgoraRtcEngine_macOS/ClearVision (= 4.5.2)
    - AgoraRtcEngine_macOS/ContentInspect (= 4.5.2)
    - AgoraRtcEngine_macOS/FaceCapture (= 4.5.2)
    - AgoraRtcEngine_macOS/FaceDetection (= 4.5.2)
    - AgoraRtcEngine_macOS/LipSync (= 4.5.2)
    - AgoraRtcEngine_macOS/RtcBasic (= 4.5.2)
    - AgoraRtcEngine_macOS/ScreenCapture (= 4.5.2)
    - AgoraRtcEngine_macOS/SpatialAudio (= 4.5.2)
    - AgoraRtcEngine_macOS/VideoAv1CodecDec (= 4.5.2)
    - AgoraRtcEngine_macOS/VideoAv1CodecEnc (= 4.5.2)
    - AgoraRtcEngine_macOS/VideoCodecDec (= 4.5.2)
    - AgoraRtcEngine_macOS/VideoCodecEnc (= 4.5.2)
    - AgoraRtcEngine_macOS/VirtualBackground (= 4.5.2)
    - AgoraRtcEngine_macOS/VQA (= 4.5.2)
  - AgoraRtcEngine_macOS/AIAEC (4.5.2)
  - AgoraRtcEngine_macOS/AIAECLL (4.5.2)
  - AgoraRtcEngine_macOS/AINS (4.5.2)
  - AgoraRtcEngine_macOS/AINSLL (4.5.2)
  - AgoraRtcEngine_macOS/AudioBeauty (4.5.2)
  - AgoraRtcEngine_macOS/ClearVision (4.5.2)
  - AgoraRtcEngine_macOS/ContentInspect (4.5.2)
  - AgoraRtcEngine_macOS/FaceCapture (4.5.2)
  - AgoraRtcEngine_macOS/FaceDetection (4.5.2)
  - AgoraRtcEngine_macOS/LipSync (4.5.2)
  - AgoraRtcEngine_macOS/RtcBasic (4.5.2):
    - AgoraInfra_macOS (= 1.2.13.1)
  - AgoraRtcEngine_macOS/ScreenCapture (4.5.2)
  - AgoraRtcEngine_macOS/SpatialAudio (4.5.2)
  - AgoraRtcEngine_macOS/VideoAv1CodecDec (4.5.2)
  - AgoraRtcEngine_macOS/VideoAv1CodecEnc (4.5.2)
  - AgoraRtcEngine_macOS/VideoCodecDec (4.5.2)
  - AgoraRtcEngine_macOS/VideoCodecEnc (4.5.2)
  - AgoraRtcEngine_macOS/VirtualBackground (4.5.2)
  - AgoraRtcEngine_macOS/VQA (4.5.2)
  - file_selector_macos (0.0.1):
    - FlutterMacOS
  - FlutterMacOS (1.0.0)
  - iris_method_channel (0.0.1):
    - FlutterMacOS
  - share_plus (0.0.1):
    - FlutterMacOS
  - shared_preferences_foundation (0.0.1):
    - Flutter
    - FlutterMacOS
  - video_player_avfoundation (0.0.1):
    - Flutter
    - FlutterMacOS

DEPENDENCIES:
  - agora_rtc_engine (from `Flutter/ephemeral/.symlinks/plugins/agora_rtc_engine/macos`)
  - file_selector_macos (from `Flutter/ephemeral/.symlinks/plugins/file_selector_macos/macos`)
  - FlutterMacOS (from `Flutter/ephemeral`)
  - iris_method_channel (from `Flutter/ephemeral/.symlinks/plugins/iris_method_channel/macos`)
  - share_plus (from `Flutter/ephemeral/.symlinks/plugins/share_plus/macos`)
  - shared_preferences_foundation (from `Flutter/ephemeral/.symlinks/plugins/shared_preferences_foundation/darwin`)
  - video_player_avfoundation (from `Flutter/ephemeral/.symlinks/plugins/video_player_avfoundation/darwin`)

SPEC REPOS:
  trunk:
    - AgoraInfra_macOS
    - AgoraIrisRTC_macOS
    - AgoraRtcEngine_macOS

EXTERNAL SOURCES:
  agora_rtc_engine:
    :path: Flutter/ephemeral/.symlinks/plugins/agora_rtc_engine/macos
  file_selector_macos:
    :path: Flutter/ephemeral/.symlinks/plugins/file_selector_macos/macos
  FlutterMacOS:
    :path: Flutter/ephemeral
  iris_method_channel:
    :path: Flutter/ephemeral/.symlinks/plugins/iris_method_channel/macos
  share_plus:
    :path: Flutter/ephemeral/.symlinks/plugins/share_plus/macos
  shared_preferences_foundation:
    :path: Flutter/ephemeral/.symlinks/plugins/shared_preferences_foundation/darwin
  video_player_avfoundation:
    :path: Flutter/ephemeral/.symlinks/plugins/video_player_avfoundation/darwin

SPEC CHECKSUMS:
  agora_rtc_engine: 9be4f5c6502b68f5e5dedce35cda3239fc7196b8
  AgoraInfra_macOS: 9bc9cea2486446c87d3ee3e69325cdb45ecf99c2
  AgoraIrisRTC_macOS: 66c134edf52e1dd9863b00494207345e2140b286
  AgoraRtcEngine_macOS: ca423379ffb023c12a267e9ce6234f90a431f4d2
  file_selector_macos: 3e56eaea051180007b900eacb006686fd54da150
  FlutterMacOS: d0db08ddef1a9af05a5ec4b724367152bb0500b1
  iris_method_channel: 9e3741834643c53dc41ea01f3edab11c204788c4
  share_plus: 1fa619de8392a4398bfaf176d441853922614e89
  shared_preferences_foundation: 5086985c1d43c5ba4d5e69a4e8083a389e2909e6
  video_player_avfoundation: 7993f492ae0bd77edaea24d9dc051d8bb2cd7c86

PODFILE CHECKSUM: 54d867c82ac51cbd61b565781b9fada492027009

COCOAPODS: 1.16.2
